
Microsoft Visual Studio Solution File, Format Version 12.00
# Visual Studio Version 17
VisualStudioVersion = 17.13.35931.197 d17.13
MinimumVisualStudioVersion = 10.0.40219.1
Project("{FAE04EC0-301F-11D3-BF4B-00C04F79EFBC}") = "BomManager", "BomManager\BomManager.csproj", "{A6AF0D43-5FB0-4C13-A5D3-100FDD6D52EE}"
EndProject
Global
	GlobalSection(SolutionConfigurationPlatforms) = preSolution
		Debug|Any CPU = Debug|Any CPU
		Release|Any CPU = Release|Any CPU
	EndGlobalSection
	GlobalSection(ProjectConfigurationPlatforms) = postSolution
		{A6AF0D43-5FB0-4C13-A5D3-100FDD6D52EE}.Debug|Any CPU.ActiveCfg = Debug|Any CPU
		{A6AF0D43-5FB0-4C13-A5D3-100FDD6D52EE}.Debug|Any CPU.Build.0 = Debug|Any CPU
		{A6AF0D43-5FB0-4C13-A5D3-100FDD6D52EE}.Release|Any CPU.ActiveCfg = Release|Any CPU
		{A6AF0D43-5FB0-4C13-A5D3-100FDD6D52EE}.Release|Any CPU.Build.0 = Release|Any CPU
	EndGlobalSection
	GlobalSection(SolutionProperties) = preSolution
		HideSolutionNode = FALSE
	EndGlobalSection
	GlobalSection(ExtensibilityGlobals) = postSolution
		SolutionGuid = {8E45EC1C-4D9B-4131-9B66-86AB4256066E}
	EndGlobalSection
EndGlobal
